// !$*UTF8*$!
{
	archiveVersion = 1;
	classes = {
	};
	objectVersion = 54;
	objects = {

/* Begin PBXBuildFile section */
		5349D97F270B2FA000A6BC87 /* CoreDataTestStack.swift in Sources */ = {isa = PBXBuildFile; fileRef = 5349D97D270B2DDB00A6BC87 /* CoreDataTestStack.swift */; };
		5349D981270B30B600A6BC87 /* CoreDataStack.swift in Sources */ = {isa = PBXBuildFile; fileRef = 5349D980270B30B600A6BC87 /* CoreDataStack.swift */; };
		5349D983270CB4B600A6BC87 /* Example-API-Controller-Method in Resources */ = {isa = PBXBuildFile; fileRef = 5349D982270CB4B600A6BC87 /* Example-API-Controller-Method */; };
		5365E9482706256E00A02366 /* NANotesPreviewCell.swift in Sources */ = {isa = PBXBuildFile; fileRef = 5365E9462706256E00A02366 /* NANotesPreviewCell.swift */; };
		5365E9492706256E00A02366 /* NANotesPreviewCell.xib in Resources */ = {isa = PBXBuildFile; fileRef = 5365E9472706256E00A02366 /* NANotesPreviewCell.xib */; };
		5365E94C270634F700A02366 /* NANoteViewModel.swift in Sources */ = {isa = PBXBuildFile; fileRef = 5365E94B270634F700A02366 /* NANoteViewModel.swift */; };
		5365E9502706380C00A02366 /* NANoteEditorViewController.swift in Sources */ = {isa = PBXBuildFile; fileRef = 5365E94E2706380B00A02366 /* NANoteEditorViewController.swift */; };
		5365E9512706380C00A02366 /* NANoteEditorViewController.xib in Resources */ = {isa = PBXBuildFile; fileRef = 5365E94F2706380B00A02366 /* NANoteEditorViewController.xib */; };
		5365E953270648A200A02366 /* APIService.swift in Sources */ = {isa = PBXBuildFile; fileRef = 5365E952270648A200A02366 /* APIService.swift */; };
		5365E95627064A4E00A02366 /* notes.json in Resources */ = {isa = PBXBuildFile; fileRef = 5365E95527064A4E00A02366 /* notes.json */; };
		5365E95A27064E8000A02366 /* NoteDataModel.xcdatamodeld in Sources */ = {isa = PBXBuildFile; fileRef = 5365E95827064E8000A02366 /* NoteDataModel.xcdatamodeld */; };
		5365E961270716FB00A02366 /* NoteDataModel+CoreDataClass.swift in Sources */ = {isa = PBXBuildFile; fileRef = 5365E95F270716FB00A02366 /* NoteDataModel+CoreDataClass.swift */; };
		5365E962270716FB00A02366 /* NoteDataModel+CoreDataProperties.swift in Sources */ = {isa = PBXBuildFile; fileRef = 5365E960270716FB00A02366 /* NoteDataModel+CoreDataProperties.swift */; };
		53705A74270336C50030F17A /* NABaseView.swift in Sources */ = {isa = PBXBuildFile; fileRef = 53705A73270336C50030F17A /* NABaseView.swift */; };
		53705A782703372B0030F17A /* NABaseViewController.swift in Sources */ = {isa = PBXBuildFile; fileRef = 53705A772703372B0030F17A /* NABaseViewController.swift */; };
		53705A7A270337460030F17A /* NABaseNavigationController.swift in Sources */ = {isa = PBXBuildFile; fileRef = 53705A79270337460030F17A /* NABaseNavigationController.swift */; };
		53705A7F27033F690030F17A /* NAConstants.swift in Sources */ = {isa = PBXBuildFile; fileRef = 53705A7E27033F690030F17A /* NAConstants.swift */; };
		53705A852703452A0030F17A /* NANavigationController.swift in Sources */ = {isa = PBXBuildFile; fileRef = 53705A842703452A0030F17A /* NANavigationController.swift */; };
		53705A882703461C0030F17A /* NAUserNotesViewController.swift in Sources */ = {isa = PBXBuildFile; fileRef = 53705A862703461C0030F17A /* NAUserNotesViewController.swift */; };
		53705A892703461C0030F17A /* NAUserNotesViewController.xib in Resources */ = {isa = PBXBuildFile; fileRef = 53705A872703461C0030F17A /* NAUserNotesViewController.xib */; };
		539683CA2703213B00E5C054 /* AppDelegate.swift in Sources */ = {isa = PBXBuildFile; fileRef = 539683C92703213B00E5C054 /* AppDelegate.swift */; };
		539683CC2703213B00E5C054 /* SceneDelegate.swift in Sources */ = {isa = PBXBuildFile; fileRef = 539683CB2703213B00E5C054 /* SceneDelegate.swift */; };
		539683D32703213F00E5C054 /* Colours.xcassets in Resources */ = {isa = PBXBuildFile; fileRef = 539683D22703213F00E5C054 /* Colours.xcassets */; };
		539683D62703213F00E5C054 /* LaunchScreen.storyboard in Resources */ = {isa = PBXBuildFile; fileRef = 539683D42703213F00E5C054 /* LaunchScreen.storyboard */; };
		539683E12703213F00E5C054 /* NotesCoreDataTests.swift in Sources */ = {isa = PBXBuildFile; fileRef = 539683E02703213F00E5C054 /* NotesCoreDataTests.swift */; };
		539683EB2703213F00E5C054 /* NotesUITests.swift in Sources */ = {isa = PBXBuildFile; fileRef = 539683EA2703213F00E5C054 /* NotesUITests.swift */; };
		539683ED2703213F00E5C054 /* NotesUITestsLaunchTests.swift in Sources */ = {isa = PBXBuildFile; fileRef = 539683EC2703213F00E5C054 /* NotesUITestsLaunchTests.swift */; };
		53AA74222704AF9B00A26B1C /* Localizable.strings in Resources */ = {isa = PBXBuildFile; fileRef = 53AA74242704AF9B00A26B1C /* Localizable.strings */; };
		53E5B7FB27071A3100B92476 /* Note.swift in Sources */ = {isa = PBXBuildFile; fileRef = 53E5B7FA27071A3100B92476 /* Note.swift */; };
		53E5B7FD2707212F00B92476 /* NACoreDataFunctionWrapper.swift in Sources */ = {isa = PBXBuildFile; fileRef = 53E5B7FC2707212F00B92476 /* NACoreDataFunctionWrapper.swift */; };
		53E5B8002707389100B92476 /* Main.storyboard in Resources */ = {isa = PBXBuildFile; fileRef = 53E5B7FF2707389100B92476 /* Main.storyboard */; };
		9121EBC087402FA81EC49BF4 /* Pods_NotesTests.framework in Frameworks */ = {isa = PBXBuildFile; fileRef = AC4BD848B8EDF06E2FF14399 /* Pods_NotesTests.framework */; };
		9C7F4D33331F0D689018409D /* Pods_Notes_NotesUITests.framework in Frameworks */ = {isa = PBXBuildFile; fileRef = 0AD0E4A3C9AC52F514739EE6 /* Pods_Notes_NotesUITests.framework */; };
		DB974C472B84E25DE1D3773A /* Pods_Notes.framework in Frameworks */ = {isa = PBXBuildFile; fileRef = 2B91A52819B9C366D9A2BE0D /* Pods_Notes.framework */; };
/* End PBXBuildFile section */

/* Begin PBXContainerItemProxy section */
		539683DD2703213F00E5C054 /* PBXContainerItemProxy */ = {
			isa = PBXContainerItemProxy;
			containerPortal = 539683BE2703213B00E5C054 /* Project object */;
			proxyType = 1;
			remoteGlobalIDString = 539683C52703213B00E5C054;
			remoteInfo = Notes;
		};
		539683E72703213F00E5C054 /* PBXContainerItemProxy */ = {
			isa = PBXContainerItemProxy;
			containerPortal = 539683BE2703213B00E5C054 /* Project object */;
			proxyType = 1;
			remoteGlobalIDString = 539683C52703213B00E5C054;
			remoteInfo = Notes;
		};
/* End PBXContainerItemProxy section */

/* Begin PBXFileReference section */
		0AD0E4A3C9AC52F514739EE6 /* Pods_Notes_NotesUITests.framework */ = {isa = PBXFileReference; explicitFileType = wrapper.framework; includeInIndex = 0; path = Pods_Notes_NotesUITests.framework; sourceTree = BUILT_PRODUCTS_DIR; };
		2B91A52819B9C366D9A2BE0D /* Pods_Notes.framework */ = {isa = PBXFileReference; explicitFileType = wrapper.framework; includeInIndex = 0; path = Pods_Notes.framework; sourceTree = BUILT_PRODUCTS_DIR; };
		5349D97D270B2DDB00A6BC87 /* CoreDataTestStack.swift */ = {isa = PBXFileReference; lastKnownFileType = sourcecode.swift; path = CoreDataTestStack.swift; sourceTree = "<group>"; };
		5349D980270B30B600A6BC87 /* CoreDataStack.swift */ = {isa = PBXFileReference; lastKnownFileType = sourcecode.swift; path = CoreDataStack.swift; sourceTree = "<group>"; };
		5349D982270CB4B600A6BC87 /* Example-API-Controller-Method */ = {isa = PBXFileReference; lastKnownFileType = text; path = "Example-API-Controller-Method"; sourceTree = "<group>"; };
		5365E9462706256E00A02366 /* NANotesPreviewCell.swift */ = {isa = PBXFileReference; lastKnownFileType = sourcecode.swift; path = NANotesPreviewCell.swift; sourceTree = "<group>"; };
		5365E9472706256E00A02366 /* NANotesPreviewCell.xib */ = {isa = PBXFileReference; lastKnownFileType = file.xib; path = NANotesPreviewCell.xib; sourceTree = "<group>"; };
		5365E94B270634F700A02366 /* NANoteViewModel.swift */ = {isa = PBXFileReference; lastKnownFileType = sourcecode.swift; path = NANoteViewModel.swift; sourceTree = "<group>"; };
		5365E94E2706380B00A02366 /* NANoteEditorViewController.swift */ = {isa = PBXFileReference; lastKnownFileType = sourcecode.swift; path = NANoteEditorViewController.swift; sourceTree = "<group>"; };
		5365E94F2706380B00A02366 /* NANoteEditorViewController.xib */ = {isa = PBXFileReference; lastKnownFileType = file.xib; path = NANoteEditorViewController.xib; sourceTree = "<group>"; };
		5365E952270648A200A02366 /* APIService.swift */ = {isa = PBXFileReference; lastKnownFileType = sourcecode.swift; path = APIService.swift; sourceTree = "<group>"; };
		5365E95527064A4E00A02366 /* notes.json */ = {isa = PBXFileReference; lastKnownFileType = text.json; path = notes.json; sourceTree = "<group>"; };
		5365E95927064E8000A02366 /* NoteModel.xcdatamodel */ = {isa = PBXFileReference; lastKnownFileType = wrapper.xcdatamodel; path = NoteModel.xcdatamodel; sourceTree = "<group>"; };
		5365E95F270716FB00A02366 /* NoteDataModel+CoreDataClass.swift */ = {isa = PBXFileReference; fileEncoding = 4; lastKnownFileType = sourcecode.swift; path = "NoteDataModel+CoreDataClass.swift"; sourceTree = SOURCE_ROOT; };
		5365E960270716FB00A02366 /* NoteDataModel+CoreDataProperties.swift */ = {isa = PBXFileReference; fileEncoding = 4; lastKnownFileType = sourcecode.swift; path = "NoteDataModel+CoreDataProperties.swift"; sourceTree = SOURCE_ROOT; };
		53705A73270336C50030F17A /* NABaseView.swift */ = {isa = PBXFileReference; lastKnownFileType = sourcecode.swift; path = NABaseView.swift; sourceTree = "<group>"; };
		53705A772703372B0030F17A /* NABaseViewController.swift */ = {isa = PBXFileReference; lastKnownFileType = sourcecode.swift; path = NABaseViewController.swift; sourceTree = "<group>"; };
		53705A79270337460030F17A /* NABaseNavigationController.swift */ = {isa = PBXFileReference; lastKnownFileType = sourcecode.swift; path = NABaseNavigationController.swift; sourceTree = "<group>"; };
		53705A7E27033F690030F17A /* NAConstants.swift */ = {isa = PBXFileReference; lastKnownFileType = sourcecode.swift; path = NAConstants.swift; sourceTree = "<group>"; };
		53705A842703452A0030F17A /* NANavigationController.swift */ = {isa = PBXFileReference; lastKnownFileType = sourcecode.swift; path = NANavigationController.swift; sourceTree = "<group>"; };
		53705A862703461C0030F17A /* NAUserNotesViewController.swift */ = {isa = PBXFileReference; lastKnownFileType = sourcecode.swift; path = NAUserNotesViewController.swift; sourceTree = "<group>"; };
		53705A872703461C0030F17A /* NAUserNotesViewController.xib */ = {isa = PBXFileReference; lastKnownFileType = file.xib; path = NAUserNotesViewController.xib; sourceTree = "<group>"; };
		539683C62703213B00E5C054 /* Notes.app */ = {isa = PBXFileReference; explicitFileType = wrapper.application; includeInIndex = 0; path = Notes.app; sourceTree = BUILT_PRODUCTS_DIR; };
		539683C92703213B00E5C054 /* AppDelegate.swift */ = {isa = PBXFileReference; lastKnownFileType = sourcecode.swift; path = AppDelegate.swift; sourceTree = "<group>"; };
		539683CB2703213B00E5C054 /* SceneDelegate.swift */ = {isa = PBXFileReference; lastKnownFileType = sourcecode.swift; path = SceneDelegate.swift; sourceTree = "<group>"; };
		539683D22703213F00E5C054 /* Colours.xcassets */ = {isa = PBXFileReference; lastKnownFileType = folder.assetcatalog; path = Colours.xcassets; sourceTree = "<group>"; };
		539683D52703213F00E5C054 /* Base */ = {isa = PBXFileReference; lastKnownFileType = file.storyboard; name = Base; path = Base.lproj/LaunchScreen.storyboard; sourceTree = "<group>"; };
		539683D72703213F00E5C054 /* Info.plist */ = {isa = PBXFileReference; lastKnownFileType = text.plist.xml; path = Info.plist; sourceTree = "<group>"; };
		539683DC2703213F00E5C054 /* NotesTests.xctest */ = {isa = PBXFileReference; explicitFileType = wrapper.cfbundle; includeInIndex = 0; path = NotesTests.xctest; sourceTree = BUILT_PRODUCTS_DIR; };
		539683E02703213F00E5C054 /* NotesCoreDataTests.swift */ = {isa = PBXFileReference; lastKnownFileType = sourcecode.swift; path = NotesCoreDataTests.swift; sourceTree = "<group>"; };
		539683E62703213F00E5C054 /* NotesUITests.xctest */ = {isa = PBXFileReference; explicitFileType = wrapper.cfbundle; includeInIndex = 0; path = NotesUITests.xctest; sourceTree = BUILT_PRODUCTS_DIR; };
		539683EA2703213F00E5C054 /* NotesUITests.swift */ = {isa = PBXFileReference; lastKnownFileType = sourcecode.swift; path = NotesUITests.swift; sourceTree = "<group>"; };
		539683EC2703213F00E5C054 /* NotesUITestsLaunchTests.swift */ = {isa = PBXFileReference; lastKnownFileType = sourcecode.swift; path = NotesUITestsLaunchTests.swift; sourceTree = "<group>"; };
		53AA74232704AF9B00A26B1C /* en */ = {isa = PBXFileReference; lastKnownFileType = text.plist.strings; name = en; path = en.lproj/Localizable.strings; sourceTree = "<group>"; };
		53E5B7FA27071A3100B92476 /* Note.swift */ = {isa = PBXFileReference; lastKnownFileType = sourcecode.swift; path = Note.swift; sourceTree = "<group>"; };
		53E5B7FC2707212F00B92476 /* NACoreDataFunctionWrapper.swift */ = {isa = PBXFileReference; lastKnownFileType = sourcecode.swift; path = NACoreDataFunctionWrapper.swift; sourceTree = "<group>"; };
		53E5B7FF2707389100B92476 /* Main.storyboard */ = {isa = PBXFileReference; lastKnownFileType = file.storyboard; path = Main.storyboard; sourceTree = "<group>"; };
		88FF15608DC3E75990A5F69B /* Pods-Notes-NotesUITests.debug.xcconfig */ = {isa = PBXFileReference; includeInIndex = 1; lastKnownFileType = text.xcconfig; name = "Pods-Notes-NotesUITests.debug.xcconfig"; path = "Target Support Files/Pods-Notes-NotesUITests/Pods-Notes-NotesUITests.debug.xcconfig"; sourceTree = "<group>"; };
		AC4BD848B8EDF06E2FF14399 /* Pods_NotesTests.framework */ = {isa = PBXFileReference; explicitFileType = wrapper.framework; includeInIndex = 0; path = Pods_NotesTests.framework; sourceTree = BUILT_PRODUCTS_DIR; };
		B7FCBDE854E93BECBA031148 /* Pods-Notes.release.xcconfig */ = {isa = PBXFileReference; includeInIndex = 1; lastKnownFileType = text.xcconfig; name = "Pods-Notes.release.xcconfig"; path = "Target Support Files/Pods-Notes/Pods-Notes.release.xcconfig"; sourceTree = "<group>"; };
		C34579D6B45239A19638FD87 /* Pods-Notes.debug.xcconfig */ = {isa = PBXFileReference; includeInIndex = 1; lastKnownFileType = text.xcconfig; name = "Pods-Notes.debug.xcconfig"; path = "Target Support Files/Pods-Notes/Pods-Notes.debug.xcconfig"; sourceTree = "<group>"; };
		C385AEEFB7582A52043217C4 /* Pods-NotesTests.release.xcconfig */ = {isa = PBXFileReference; includeInIndex = 1; lastKnownFileType = text.xcconfig; name = "Pods-NotesTests.release.xcconfig"; path = "Target Support Files/Pods-NotesTests/Pods-NotesTests.release.xcconfig"; sourceTree = "<group>"; };
		D05333C9698FA0E2638D4AC6 /* Pods-NotesTests.debug.xcconfig */ = {isa = PBXFileReference; includeInIndex = 1; lastKnownFileType = text.xcconfig; name = "Pods-NotesTests.debug.xcconfig"; path = "Target Support Files/Pods-NotesTests/Pods-NotesTests.debug.xcconfig"; sourceTree = "<group>"; };
		FBD2F3902597931528F06DFB /* Pods-Notes-NotesUITests.release.xcconfig */ = {isa = PBXFileReference; includeInIndex = 1; lastKnownFileType = text.xcconfig; name = "Pods-Notes-NotesUITests.release.xcconfig"; path = "Target Support Files/Pods-Notes-NotesUITests/Pods-Notes-NotesUITests.release.xcconfig"; sourceTree = "<group>"; };
/* End PBXFileReference section */

/* Begin PBXFrameworksBuildPhase section */
		539683C32703213B00E5C054 /* Frameworks */ = {
			isa = PBXFrameworksBuildPhase;
			buildActionMask = 2147483647;
			files = (
				DB974C472B84E25DE1D3773A /* Pods_Notes.framework in Frameworks */,
			);
			runOnlyForDeploymentPostprocessing = 0;
		};
		539683D92703213F00E5C054 /* Frameworks */ = {
			isa = PBXFrameworksBuildPhase;
			buildActionMask = 2147483647;
			files = (
				9121EBC087402FA81EC49BF4 /* Pods_NotesTests.framework in Frameworks */,
			);
			runOnlyForDeploymentPostprocessing = 0;
		};
		539683E32703213F00E5C054 /* Frameworks */ = {
			isa = PBXFrameworksBuildPhase;
			buildActionMask = 2147483647;
			files = (
				9C7F4D33331F0D689018409D /* Pods_Notes_NotesUITests.framework in Frameworks */,
			);
			runOnlyForDeploymentPostprocessing = 0;
		};
/* End PBXFrameworksBuildPhase section */

/* Begin PBXGroup section */
		3657968CA9538328E39E4DB9 /* Pods */ = {
			isa = PBXGroup;
			children = (
				C34579D6B45239A19638FD87 /* Pods-Notes.debug.xcconfig */,
				B7FCBDE854E93BECBA031148 /* Pods-Notes.release.xcconfig */,
				88FF15608DC3E75990A5F69B /* Pods-Notes-NotesUITests.debug.xcconfig */,
				FBD2F3902597931528F06DFB /* Pods-Notes-NotesUITests.release.xcconfig */,
				D05333C9698FA0E2638D4AC6 /* Pods-NotesTests.debug.xcconfig */,
				C385AEEFB7582A52043217C4 /* Pods-NotesTests.release.xcconfig */,
			);
			path = Pods;
			sourceTree = "<group>";
		};
		3B256D29224EDF18D499155E /* Frameworks */ = {
			isa = PBXGroup;
			children = (
				2B91A52819B9C366D9A2BE0D /* Pods_Notes.framework */,
				0AD0E4A3C9AC52F514739EE6 /* Pods_Notes_NotesUITests.framework */,
				AC4BD848B8EDF06E2FF14399 /* Pods_NotesTests.framework */,
			);
			name = Frameworks;
			sourceTree = "<group>";
		};
		5365E94A270634D300A02366 /* View Models */ = {
			isa = PBXGroup;
			children = (
				5365E94B270634F700A02366 /* NANoteViewModel.swift */,
			);
			path = "View Models";
			sourceTree = "<group>";
		};
		5365E94D2706361B00A02366 /* View Controllers */ = {
			isa = PBXGroup;
			children = (
				53705A862703461C0030F17A /* NAUserNotesViewController.swift */,
				53705A872703461C0030F17A /* NAUserNotesViewController.xib */,
				5365E94E2706380B00A02366 /* NANoteEditorViewController.swift */,
				5365E94F2706380B00A02366 /* NANoteEditorViewController.xib */,
			);
			path = "View Controllers";
			sourceTree = "<group>";
		};
		5365E95727064D7800A02366 /* Core Data */ = {
			isa = PBXGroup;
			children = (
				5365E95F270716FB00A02366 /* NoteDataModel+CoreDataClass.swift */,
				5365E960270716FB00A02366 /* NoteDataModel+CoreDataProperties.swift */,
				53E5B7FC2707212F00B92476 /* NACoreDataFunctionWrapper.swift */,
				5349D980270B30B600A6BC87 /* CoreDataStack.swift */,
			);
			path = "Core Data";
			sourceTree = "<group>";
		};
		53705A702703365C0030F17A /* Common */ = {
			isa = PBXGroup;
			children = (
				53E5B7FE2707388200B92476 /* Storyboards */,
				5365E95727064D7800A02366 /* Core Data */,
				53705A7B27033D960030F17A /* Constants */,
				53705A712703366F0030F17A /* Views */,
			);
			path = Common;
			sourceTree = "<group>";
		};
		53705A712703366F0030F17A /* Views */ = {
			isa = PBXGroup;
			children = (
				53705A73270336C50030F17A /* NABaseView.swift */,
				53705A772703372B0030F17A /* NABaseViewController.swift */,
				53705A79270337460030F17A /* NABaseNavigationController.swift */,
			);
			path = Views;
			sourceTree = "<group>";
		};
		53705A72270336890030F17A /* Application */ = {
			isa = PBXGroup;
			children = (
				53705A81270344110030F17A /* Notes */,
				53705A80270343F20030F17A /* Networking */,
			);
			path = Application;
			sourceTree = "<group>";
		};
		53705A7B27033D960030F17A /* Constants */ = {
			isa = PBXGroup;
			children = (
				53705A7E27033F690030F17A /* NAConstants.swift */,
			);
			path = Constants;
			sourceTree = "<group>";
		};
		53705A80270343F20030F17A /* Networking */ = {
			isa = PBXGroup;
			children = (
				5365E952270648A200A02366 /* APIService.swift */,
			);
			path = Networking;
			sourceTree = "<group>";
		};
		53705A81270344110030F17A /* Notes */ = {
			isa = PBXGroup;
			children = (
				53705A842703452A0030F17A /* NANavigationController.swift */,
				53705A83270344720030F17A /* Models */,
				5365E94A270634D300A02366 /* View Models */,
				53705A822703442D0030F17A /* Views */,
			);
			path = Notes;
			sourceTree = "<group>";
		};
		53705A822703442D0030F17A /* Views */ = {
			isa = PBXGroup;
			children = (
				5365E9462706256E00A02366 /* NANotesPreviewCell.swift */,
				5365E9472706256E00A02366 /* NANotesPreviewCell.xib */,
				5365E94D2706361B00A02366 /* View Controllers */,
			);
			path = Views;
			sourceTree = "<group>";
		};
		53705A83270344720030F17A /* Models */ = {
			isa = PBXGroup;
			children = (
				53E5B7FA27071A3100B92476 /* Note.swift */,
			);
			path = Models;
			sourceTree = "<group>";
		};
		539683BD2703213B00E5C054 = {
			isa = PBXGroup;
			children = (
				539683C82703213B00E5C054 /* Notes */,
				539683DF2703213F00E5C054 /* NotesTests */,
				539683E92703213F00E5C054 /* NotesUITests */,
				539683C72703213B00E5C054 /* Products */,
				3657968CA9538328E39E4DB9 /* Pods */,
				3B256D29224EDF18D499155E /* Frameworks */,
			);
			sourceTree = "<group>";
		};
		539683C72703213B00E5C054 /* Products */ = {
			isa = PBXGroup;
			children = (
				539683C62703213B00E5C054 /* Notes.app */,
				539683DC2703213F00E5C054 /* NotesTests.xctest */,
				539683E62703213F00E5C054 /* NotesUITests.xctest */,
			);
			name = Products;
			sourceTree = "<group>";
		};
		539683C82703213B00E5C054 /* Notes */ = {
			isa = PBXGroup;
			children = (
				53705A702703365C0030F17A /* Common */,
				53705A72270336890030F17A /* Application */,
				539683C92703213B00E5C054 /* AppDelegate.swift */,
				539683CB2703213B00E5C054 /* SceneDelegate.swift */,
				539683D22703213F00E5C054 /* Colours.xcassets */,
				539683D72703213F00E5C054 /* Info.plist */,
				53AA74242704AF9B00A26B1C /* Localizable.strings */,
				5365E95527064A4E00A02366 /* notes.json */,
				5349D982270CB4B600A6BC87 /* Example-API-Controller-Method */,
				5365E95827064E8000A02366 /* NoteDataModel.xcdatamodeld */,
			);
			path = Notes;
			sourceTree = "<group>";
		};
		539683DF2703213F00E5C054 /* NotesTests */ = {
			isa = PBXGroup;
			children = (
				539683E02703213F00E5C054 /* NotesCoreDataTests.swift */,
				5349D97D270B2DDB00A6BC87 /* CoreDataTestStack.swift */,
			);
			path = NotesTests;
			sourceTree = "<group>";
		};
		539683E92703213F00E5C054 /* NotesUITests */ = {
			isa = PBXGroup;
			children = (
				539683EA2703213F00E5C054 /* NotesUITests.swift */,
				539683EC2703213F00E5C054 /* NotesUITestsLaunchTests.swift */,
			);
			path = NotesUITests;
			sourceTree = "<group>";
		};
		53E5B7FE2707388200B92476 /* Storyboards */ = {
			isa = PBXGroup;
			children = (
				53E5B7FF2707389100B92476 /* Main.storyboard */,
				539683D42703213F00E5C054 /* LaunchScreen.storyboard */,
			);
			path = Storyboards;
			sourceTree = "<group>";
		};
/* End PBXGroup section */

/* Begin PBXNativeTarget section */
		539683C52703213B00E5C054 /* Notes */ = {
			isa = PBXNativeTarget;
			buildConfigurationList = 539683F02703213F00E5C054 /* Build configuration list for PBXNativeTarget "Notes" */;
			buildPhases = (
				209321C3B73E4DD84BC48780 /* [CP] Check Pods Manifest.lock */,
				539683C22703213B00E5C054 /* Sources */,
				539683C32703213B00E5C054 /* Frameworks */,
				539683C42703213B00E5C054 /* Resources */,
				38B02BBC75817919A005A2AA /* [CP] Embed Pods Frameworks */,
			);
			buildRules = (
			);
			dependencies = (
			);
			name = Notes;
			productName = Notes;
			productReference = 539683C62703213B00E5C054 /* Notes.app */;
			productType = "com.apple.product-type.application";
		};
		539683DB2703213F00E5C054 /* NotesTests */ = {
			isa = PBXNativeTarget;
			buildConfigurationList = 539683F32703213F00E5C054 /* Build configuration list for PBXNativeTarget "NotesTests" */;
			buildPhases = (
				95D8ACC5C4D754FB2A07E8E6 /* [CP] Check Pods Manifest.lock */,
				539683D82703213F00E5C054 /* Sources */,
				539683D92703213F00E5C054 /* Frameworks */,
				539683DA2703213F00E5C054 /* Resources */,
			);
			buildRules = (
			);
			dependencies = (
				539683DE2703213F00E5C054 /* PBXTargetDependency */,
			);
			name = NotesTests;
			productName = NotesTests;
			productReference = 539683DC2703213F00E5C054 /* NotesTests.xctest */;
			productType = "com.apple.product-type.bundle.unit-test";
		};
		539683E52703213F00E5C054 /* NotesUITests */ = {
			isa = PBXNativeTarget;
			buildConfigurationList = 539683F62703213F00E5C054 /* Build configuration list for PBXNativeTarget "NotesUITests" */;
			buildPhases = (
				6C585178EAFA48472479C037 /* [CP] Check Pods Manifest.lock */,
				539683E22703213F00E5C054 /* Sources */,
				539683E32703213F00E5C054 /* Frameworks */,
				539683E42703213F00E5C054 /* Resources */,
				B204BBB5A73A7DD08609457A /* [CP] Embed Pods Frameworks */,
			);
			buildRules = (
			);
			dependencies = (
				539683E82703213F00E5C054 /* PBXTargetDependency */,
			);
			name = NotesUITests;
			productName = NotesUITests;
			productReference = 539683E62703213F00E5C054 /* NotesUITests.xctest */;
			productType = "com.apple.product-type.bundle.ui-testing";
		};
/* End PBXNativeTarget section */

/* Begin PBXProject section */
		539683BE2703213B00E5C054 /* Project object */ = {
			isa = PBXProject;
			attributes = {
				BuildIndependentTargetsInParallel = 1;
				LastSwiftUpdateCheck = 1300;
				LastUpgradeCheck = 1300;
				TargetAttributes = {
					539683C52703213B00E5C054 = {
						CreatedOnToolsVersion = 13.0;
					};
					539683DB2703213F00E5C054 = {
						CreatedOnToolsVersion = 13.0;
						TestTargetID = 539683C52703213B00E5C054;
					};
					539683E52703213F00E5C054 = {
						CreatedOnToolsVersion = 13.0;
						TestTargetID = 539683C52703213B00E5C054;
					};
				};
			};
			buildConfigurationList = 539683C12703213B00E5C054 /* Build configuration list for PBXProject "Notes" */;
			compatibilityVersion = "Xcode 12.0";
			developmentRegion = en;
			hasScannedForEncodings = 0;
			knownRegions = (
				en,
				Base,
			);
			mainGroup = 539683BD2703213B00E5C054;
			productRefGroup = 539683C72703213B00E5C054 /* Products */;
			projectDirPath = "";
			projectRoot = "";
			targets = (
				539683C52703213B00E5C054 /* Notes */,
				539683DB2703213F00E5C054 /* NotesTests */,
				539683E52703213F00E5C054 /* NotesUITests */,
			);
		};
/* End PBXProject section */

/* Begin PBXResourcesBuildPhase section */
		539683C42703213B00E5C054 /* Resources */ = {
			isa = PBXResourcesBuildPhase;
			buildActionMask = 2147483647;
			files = (
				5365E95627064A4E00A02366 /* notes.json in Resources */,
				5349D983270CB4B600A6BC87 /* Example-API-Controller-Method in Resources */,
				53AA74222704AF9B00A26B1C /* Localizable.strings in Resources */,
				53705A892703461C0030F17A /* NAUserNotesViewController.xib in Resources */,
				539683D62703213F00E5C054 /* LaunchScreen.storyboard in Resources */,
				539683D32703213F00E5C054 /* Colours.xcassets in Resources */,
				53E5B8002707389100B92476 /* Main.storyboard in Resources */,
				5365E9512706380C00A02366 /* NANoteEditorViewController.xib in Resources */,
				5365E9492706256E00A02366 /* NANotesPreviewCell.xib in Resources */,
			);
			runOnlyForDeploymentPostprocessing = 0;
		};
		539683DA2703213F00E5C054 /* Resources */ = {
			isa = PBXResourcesBuildPhase;
			buildActionMask = 2147483647;
			files = (
			);
			runOnlyForDeploymentPostprocessing = 0;
		};
		539683E42703213F00E5C054 /* Resources */ = {
			isa = PBXResourcesBuildPhase;
			buildActionMask = 2147483647;
			files = (
			);
			runOnlyForDeploymentPostprocessing = 0;
		};
/* End PBXResourcesBuildPhase section */

/* Begin PBXShellScriptBuildPhase section */
		209321C3B73E4DD84BC48780 /* [CP] Check Pods Manifest.lock */ = {
			isa = PBXShellScriptBuildPhase;
			buildActionMask = 2147483647;
			files = (
			);
			inputFileListPaths = (
			);
			inputPaths = (
				"${PODS_PODFILE_DIR_PATH}/Podfile.lock",
				"${PODS_ROOT}/Manifest.lock",
			);
			name = "[CP] Check Pods Manifest.lock";
			outputFileListPaths = (
			);
			outputPaths = (
				"$(DERIVED_FILE_DIR)/Pods-Notes-checkManifestLockResult.txt",
			);
			runOnlyForDeploymentPostprocessing = 0;
			shellPath = /bin/sh;
			shellScript = "diff \"${PODS_PODFILE_DIR_PATH}/Podfile.lock\" \"${PODS_ROOT}/Manifest.lock\" > /dev/null\nif [ $? != 0 ] ; then\n    # print error to STDERR\n    echo \"error: The sandbox is not in sync with the Podfile.lock. Run 'pod install' or update your CocoaPods installation.\" >&2\n    exit 1\nfi\n# This output is used by Xcode 'outputs' to avoid re-running this script phase.\necho \"SUCCESS\" > \"${SCRIPT_OUTPUT_FILE_0}\"\n";
			showEnvVarsInLog = 0;
		};
		38B02BBC75817919A005A2AA /* [CP] Embed Pods Frameworks */ = {
			isa = PBXShellScriptBuildPhase;
			buildActionMask = 2147483647;
			files = (
			);
			inputFileListPaths = (
				"${PODS_ROOT}/Target Support Files/Pods-Notes/Pods-Notes-frameworks-${CONFIGURATION}-input-files.xcfilelist",
			);
			name = "[CP] Embed Pods Frameworks";
			outputFileListPaths = (
				"${PODS_ROOT}/Target Support Files/Pods-Notes/Pods-Notes-frameworks-${CONFIGURATION}-output-files.xcfilelist",
			);
			runOnlyForDeploymentPostprocessing = 0;
			shellPath = /bin/sh;
			shellScript = "\"${PODS_ROOT}/Target Support Files/Pods-Notes/Pods-Notes-frameworks.sh\"\n";
			showEnvVarsInLog = 0;
		};
		6C585178EAFA48472479C037 /* [CP] Check Pods Manifest.lock */ = {
			isa = PBXShellScriptBuildPhase;
			buildActionMask = 2147483647;
			files = (
			);
			inputFileListPaths = (
			);
			inputPaths = (
				"${PODS_PODFILE_DIR_PATH}/Podfile.lock",
				"${PODS_ROOT}/Manifest.lock",
			);
			name = "[CP] Check Pods Manifest.lock";
			outputFileListPaths = (
			);
			outputPaths = (
				"$(DERIVED_FILE_DIR)/Pods-Notes-NotesUITests-checkManifestLockResult.txt",
			);
			runOnlyForDeploymentPostprocessing = 0;
			shellPath = /bin/sh;
			shellScript = "diff \"${PODS_PODFILE_DIR_PATH}/Podfile.lock\" \"${PODS_ROOT}/Manifest.lock\" > /dev/null\nif [ $? != 0 ] ; then\n    # print error to STDERR\n    echo \"error: The sandbox is not in sync with the Podfile.lock. Run 'pod install' or update your CocoaPods installation.\" >&2\n    exit 1\nfi\n# This output is used by Xcode 'outputs' to avoid re-running this script phase.\necho \"SUCCESS\" > \"${SCRIPT_OUTPUT_FILE_0}\"\n";
			showEnvVarsInLog = 0;
		};
		95D8ACC5C4D754FB2A07E8E6 /* [CP] Check Pods Manifest.lock */ = {
			isa = PBXShellScriptBuildPhase;
			buildActionMask = 2147483647;
			files = (
			);
			inputFileListPaths = (
			);
			inputPaths = (
				"${PODS_PODFILE_DIR_PATH}/Podfile.lock",
				"${PODS_ROOT}/Manifest.lock",
			);
			name = "[CP] Check Pods Manifest.lock";
			outputFileListPaths = (
			);
			outputPaths = (
				"$(DERIVED_FILE_DIR)/Pods-NotesTests-checkManifestLockResult.txt",
			);
			runOnlyForDeploymentPostprocessing = 0;
			shellPath = /bin/sh;
			shellScript = "diff \"${PODS_PODFILE_DIR_PATH}/Podfile.lock\" \"${PODS_ROOT}/Manifest.lock\" > /dev/null\nif [ $? != 0 ] ; then\n    # print error to STDERR\n    echo \"error: The sandbox is not in sync with the Podfile.lock. Run 'pod install' or update your CocoaPods installation.\" >&2\n    exit 1\nfi\n# This output is used by Xcode 'outputs' to avoid re-running this script phase.\necho \"SUCCESS\" > \"${SCRIPT_OUTPUT_FILE_0}\"\n";
			showEnvVarsInLog = 0;
		};
		B204BBB5A73A7DD08609457A /* [CP] Embed Pods Frameworks */ = {
			isa = PBXShellScriptBuildPhase;
			buildActionMask = 2147483647;
			files = (
			);
			inputFileListPaths = (
				"${PODS_ROOT}/Target Support Files/Pods-Notes-NotesUITests/Pods-Notes-NotesUITests-frameworks-${CONFIGURATION}-input-files.xcfilelist",
			);
			name = "[CP] Embed Pods Frameworks";
			outputFileListPaths = (
				"${PODS_ROOT}/Target Support Files/Pods-Notes-NotesUITests/Pods-Notes-NotesUITests-frameworks-${CONFIGURATION}-output-files.xcfilelist",
			);
			runOnlyForDeploymentPostprocessing = 0;
			shellPath = /bin/sh;
			shellScript = "\"${PODS_ROOT}/Target Support Files/Pods-Notes-NotesUITests/Pods-Notes-NotesUITests-frameworks.sh\"\n";
			showEnvVarsInLog = 0;
		};
/* End PBXShellScriptBuildPhase section */

/* Begin PBXSourcesBuildPhase section */
		539683C22703213B00E5C054 /* Sources */ = {
			isa = PBXSourcesBuildPhase;
			buildActionMask = 2147483647;
			files = (
				53705A7F27033F690030F17A /* NAConstants.swift in Sources */,
				53705A7A270337460030F17A /* NABaseNavigationController.swift in Sources */,
				53705A74270336C50030F17A /* NABaseView.swift in Sources */,
				5349D981270B30B600A6BC87 /* CoreDataStack.swift in Sources */,
				53E5B7FD2707212F00B92476 /* NACoreDataFunctionWrapper.swift in Sources */,
				5365E9482706256E00A02366 /* NANotesPreviewCell.swift in Sources */,
				5365E94C270634F700A02366 /* NANoteViewModel.swift in Sources */,
				53705A882703461C0030F17A /* NAUserNotesViewController.swift in Sources */,
				53705A782703372B0030F17A /* NABaseViewController.swift in Sources */,
				539683CA2703213B00E5C054 /* AppDelegate.swift in Sources */,
				5365E95A27064E8000A02366 /* NoteDataModel.xcdatamodeld in Sources */,
				5365E953270648A200A02366 /* APIService.swift in Sources */,
				5365E961270716FB00A02366 /* NoteDataModel+CoreDataClass.swift in Sources */,
				53E5B7FB27071A3100B92476 /* Note.swift in Sources */,
				5365E9502706380C00A02366 /* NANoteEditorViewController.swift in Sources */,
				5365E962270716FB00A02366 /* NoteDataModel+CoreDataProperties.swift in Sources */,
				539683CC2703213B00E5C054 /* SceneDelegate.swift in Sources */,
				53705A852703452A0030F17A /* NANavigationController.swift in Sources */,
			);
			runOnlyForDeploymentPostprocessing = 0;
		};
		539683D82703213F00E5C054 /* Sources */ = {
			isa = PBXSourcesBuildPhase;
			buildActionMask = 2147483647;
			files = (
				539683E12703213F00E5C054 /* NotesCoreDataTests.swift in Sources */,
				5349D97F270B2FA000A6BC87 /* CoreDataTestStack.swift in Sources */,
			);
			runOnlyForDeploymentPostprocessing = 0;
		};
		539683E22703213F00E5C054 /* Sources */ = {
			isa = PBXSourcesBuildPhase;
			buildActionMask = 2147483647;
			files = (
				539683ED2703213F00E5C054 /* NotesUITestsLaunchTests.swift in Sources */,
				539683EB2703213F00E5C054 /* NotesUITests.swift in Sources */,
			);
			runOnlyForDeploymentPostprocessing = 0;
		};
/* End PBXSourcesBuildPhase section */

/* Begin PBXTargetDependency section */
		539683DE2703213F00E5C054 /* PBXTargetDependency */ = {
			isa = PBXTargetDependency;
			target = 539683C52703213B00E5C054 /* Notes */;
			targetProxy = 539683DD2703213F00E5C054 /* PBXContainerItemProxy */;
		};
		539683E82703213F00E5C054 /* PBXTargetDependency */ = {
			isa = PBXTargetDependency;
			target = 539683C52703213B00E5C054 /* Notes */;
			targetProxy = 539683E72703213F00E5C054 /* PBXContainerItemProxy */;
		};
/* End PBXTargetDependency section */

/* Begin PBXVariantGroup section */
		539683D42703213F00E5C054 /* LaunchScreen.storyboard */ = {
			isa = PBXVariantGroup;
			children = (
				539683D52703213F00E5C054 /* Base */,
			);
			name = LaunchScreen.storyboard;
			sourceTree = "<group>";
		};
		53AA74242704AF9B00A26B1C /* Localizable.strings */ = {
			isa = PBXVariantGroup;
			children = (
				53AA74232704AF9B00A26B1C /* en */,
			);
			name = Localizable.strings;
			sourceTree = "<group>";
		};
/* End PBXVariantGroup section */

/* Begin XCBuildConfiguration section */
		539683EE2703213F00E5C054 /* Debug */ = {
			isa = XCBuildConfiguration;
			buildSettings = {
				ALWAYS_SEARCH_USER_PATHS = NO;
				CLANG_ANALYZER_LOCALIZABILITY_NONLOCALIZED = YES;
				CLANG_ANALYZER_NONNULL = YES;
				CLANG_ANALYZER_NUMBER_OBJECT_CONVERSION = YES_AGGRESSIVE;
				CLANG_CXX_LANGUAGE_STANDARD = "gnu++17";
				CLANG_CXX_LIBRARY = "libc++";
				CLANG_ENABLE_MODULES = YES;
				CLANG_ENABLE_OBJC_ARC = YES;
				CLANG_ENABLE_OBJC_WEAK = YES;
				CLANG_WARN_BLOCK_CAPTURE_AUTORELEASING = YES;
				CLANG_WARN_BOOL_CONVERSION = YES;
				CLANG_WARN_COMMA = YES;
				CLANG_WARN_CONSTANT_CONVERSION = YES;
				CLANG_WARN_DEPRECATED_OBJC_IMPLEMENTATIONS = YES;
				CLANG_WARN_DIRECT_OBJC_ISA_USAGE = YES_ERROR;
				CLANG_WARN_DOCUMENTATION_COMMENTS = YES;
				CLANG_WARN_EMPTY_BODY = YES;
				CLANG_WARN_ENUM_CONVERSION = YES;
				CLANG_WARN_INFINITE_RECURSION = YES;
				CLANG_WARN_INT_CONVERSION = YES;
				CLANG_WARN_NON_LITERAL_NULL_CONVERSION = YES;
				CLANG_WARN_OBJC_IMPLICIT_RETAIN_SELF = YES;
				CLANG_WARN_OBJC_LITERAL_CONVERSION = YES;
				CLANG_WARN_OBJC_ROOT_CLASS = YES_ERROR;
				CLANG_WARN_QUOTED_INCLUDE_IN_FRAMEWORK_HEADER = YES;
				CLANG_WARN_RANGE_LOOP_ANALYSIS = YES;
				CLANG_WARN_STRICT_PROTOTYPES = YES;
				CLANG_WARN_SUSPICIOUS_MOVE = YES;
				CLANG_WARN_UNGUARDED_AVAILABILITY = YES_AGGRESSIVE;
				CLANG_WARN_UNREACHABLE_CODE = YES;
				CLANG_WARN__DUPLICATE_METHOD_MATCH = YES;
				COPY_PHASE_STRIP = NO;
				DEBUG_INFORMATION_FORMAT = dwarf;
				ENABLE_STRICT_OBJC_MSGSEND = YES;
				ENABLE_TESTABILITY = YES;
				GCC_C_LANGUAGE_STANDARD = gnu11;
				GCC_DYNAMIC_NO_PIC = NO;
				GCC_NO_COMMON_BLOCKS = YES;
				GCC_OPTIMIZATION_LEVEL = 0;
				GCC_PREPROCESSOR_DEFINITIONS = (
					"DEBUG=1",
					"$(inherited)",
				);
				GCC_WARN_64_TO_32_BIT_CONVERSION = YES;
				GCC_WARN_ABOUT_RETURN_TYPE = YES_ERROR;
				GCC_WARN_UNDECLARED_SELECTOR = YES;
				GCC_WARN_UNINITIALIZED_AUTOS = YES_AGGRESSIVE;
				GCC_WARN_UNUSED_FUNCTION = YES;
				GCC_WARN_UNUSED_VARIABLE = YES;
				IPHONEOS_DEPLOYMENT_TARGET = 15.0;
				MTL_ENABLE_DEBUG_INFO = INCLUDE_SOURCE;
				MTL_FAST_MATH = YES;
				ONLY_ACTIVE_ARCH = YES;
				SDKROOT = iphoneos;
				SWIFT_ACTIVE_COMPILATION_CONDITIONS = DEBUG;
				SWIFT_OPTIMIZATION_LEVEL = "-Onone";
			};
			name = Debug;
		};
		539683EF2703213F00E5C054 /* Release */ = {
			isa = XCBuildConfiguration;
			buildSettings = {
				ALWAYS_SEARCH_USER_PATHS = NO;
				CLANG_ANALYZER_LOCALIZABILITY_NONLOCALIZED = YES;
				CLANG_ANALYZER_NONNULL = YES;
				CLANG_ANALYZER_NUMBER_OBJECT_CONVERSION = YES_AGGRESSIVE;
				CLANG_CXX_LANGUAGE_STANDARD = "gnu++17";
				CLANG_CXX_LIBRARY = "libc++";
				CLANG_ENABLE_MODULES = YES;
				CLANG_ENABLE_OBJC_ARC = YES;
				CLANG_ENABLE_OBJC_WEAK = YES;
				CLANG_WARN_BLOCK_CAPTURE_AUTORELEASING = YES;
				CLANG_WARN_BOOL_CONVERSION = YES;
				CLANG_WARN_COMMA = YES;
				CLANG_WARN_CONSTANT_CONVERSION = YES;
				CLANG_WARN_DEPRECATED_OBJC_IMPLEMENTATIONS = YES;
				CLANG_WARN_DIRECT_OBJC_ISA_USAGE = YES_ERROR;
				CLANG_WARN_DOCUMENTATION_COMMENTS = YES;
				CLANG_WARN_EMPTY_BODY = YES;
				CLANG_WARN_ENUM_CONVERSION = YES;
				CLANG_WARN_INFINITE_RECURSION = YES;
				CLANG_WARN_INT_CONVERSION = YES;
				CLANG_WARN_NON_LITERAL_NULL_CONVERSION = YES;
				CLANG_WARN_OBJC_IMPLICIT_RETAIN_SELF = YES;
				CLANG_WARN_OBJC_LITERAL_CONVERSION = YES;
				CLANG_WARN_OBJC_ROOT_CLASS = YES_ERROR;
				CLANG_WARN_QUOTED_INCLUDE_IN_FRAMEWORK_HEADER = YES;
				CLANG_WARN_RANGE_LOOP_ANALYSIS = YES;
				CLANG_WARN_STRICT_PROTOTYPES = YES;
				CLANG_WARN_SUSPICIOUS_MOVE = YES;
				CLANG_WARN_UNGUARDED_AVAILABILITY = YES_AGGRESSIVE;
				CLANG_WARN_UNREACHABLE_CODE = YES;
				CLANG_WARN__DUPLICATE_METHOD_MATCH = YES;
				COPY_PHASE_STRIP = NO;
				DEBUG_INFORMATION_FORMAT = "dwarf-with-dsym";
				ENABLE_NS_ASSERTIONS = NO;
				ENABLE_STRICT_OBJC_MSGSEND = YES;
				GCC_C_LANGUAGE_STANDARD = gnu11;
				GCC_NO_COMMON_BLOCKS = YES;
				GCC_WARN_64_TO_32_BIT_CONVERSION = YES;
				GCC_WARN_ABOUT_RETURN_TYPE = YES_ERROR;
				GCC_WARN_UNDECLARED_SELECTOR = YES;
				GCC_WARN_UNINITIALIZED_AUTOS = YES_AGGRESSIVE;
				GCC_WARN_UNUSED_FUNCTION = YES;
				GCC_WARN_UNUSED_VARIABLE = YES;
				IPHONEOS_DEPLOYMENT_TARGET = 15.0;
				MTL_ENABLE_DEBUG_INFO = NO;
				MTL_FAST_MATH = YES;
				SDKROOT = iphoneos;
				SWIFT_COMPILATION_MODE = wholemodule;
				SWIFT_OPTIMIZATION_LEVEL = "-O";
				VALIDATE_PRODUCT = YES;
			};
			name = Release;
		};
		539683F12703213F00E5C054 /* Debug */ = {
			isa = XCBuildConfiguration;
			baseConfigurationReference = C34579D6B45239A19638FD87 /* Pods-Notes.debug.xcconfig */;
			buildSettings = {
				ASSETCATALOG_COMPILER_APPICON_NAME = AppIcon;
				ASSETCATALOG_COMPILER_GLOBAL_ACCENT_COLOR_NAME = AccentColor;
				CODE_SIGN_STYLE = Automatic;
				CURRENT_PROJECT_VERSION = 1;
				DEVELOPMENT_TEAM = K4WLM5X85S;
				GENERATE_INFOPLIST_FILE = YES;
				INFOPLIST_FILE = Notes/Info.plist;
				INFOPLIST_KEY_UIApplicationSupportsIndirectInputEvents = YES;
				INFOPLIST_KEY_UILaunchStoryboardName = LaunchScreen;
				INFOPLIST_KEY_UISupportedInterfaceOrientations_iPad = "UIInterfaceOrientationPortrait UIInterfaceOrientationPortraitUpsideDown UIInterfaceOrientationLandscapeLeft UIInterfaceOrientationLandscapeRight";
				INFOPLIST_KEY_UISupportedInterfaceOrientations_iPhone = "UIInterfaceOrientationPortrait UIInterfaceOrientationLandscapeLeft UIInterfaceOrientationLandscapeRight";
				LD_RUNPATH_SEARCH_PATHS = (
					"$(inherited)",
					"@executable_path/Frameworks",
				);
				MARKETING_VERSION = 1.0;
				PRODUCT_BUNDLE_IDENTIFIER = com.dylankilbride.notes.Notes;
				PRODUCT_NAME = "$(TARGET_NAME)";
				SWIFT_EMIT_LOC_STRINGS = YES;
				SWIFT_VERSION = 5.0;
				TARGETED_DEVICE_FAMILY = "1,2";
			};
			name = Debug;
		};
		539683F22703213F00E5C054 /* Release */ = {
			isa = XCBuildConfiguration;
			baseConfigurationReference = B7FCBDE854E93BECBA031148 /* Pods-Notes.release.xcconfig */;
			buildSettings = {
				ASSETCATALOG_COMPILER_APPICON_NAME = AppIcon;
				ASSETCATALOG_COMPILER_GLOBAL_ACCENT_COLOR_NAME = AccentColor;
				CODE_SIGN_STYLE = Automatic;
				CURRENT_PROJECT_VERSION = 1;
				DEVELOPMENT_TEAM = K4WLM5X85S;
				GENERATE_INFOPLIST_FILE = YES;
				INFOPLIST_FILE = Notes/Info.plist;
				INFOPLIST_KEY_UIApplicationSupportsIndirectInputEvents = YES;
				INFOPLIST_KEY_UILaunchStoryboardName = LaunchScreen;
				INFOPLIST_KEY_UISupportedInterfaceOrientations_iPad = "UIInterfaceOrientationPortrait UIInterfaceOrientationPortraitUpsideDown UIInterfaceOrientationLandscapeLeft UIInterfaceOrientationLandscapeRight";
				INFOPLIST_KEY_UISupportedInterfaceOrientations_iPhone = "UIInterfaceOrientationPortrait UIInterfaceOrientationLandscapeLeft UIInterfaceOrientationLandscapeRight";
				LD_RUNPATH_SEARCH_PATHS = (
					"$(inherited)",
					"@executable_path/Frameworks",
				);
				MARKETING_VERSION = 1.0;
				PRODUCT_BUNDLE_IDENTIFIER = com.dylankilbride.notes.Notes;
				PRODUCT_NAME = "$(TARGET_NAME)";
				SWIFT_EMIT_LOC_STRINGS = YES;
				SWIFT_VERSION = 5.0;
				TARGETED_DEVICE_FAMILY = "1,2";
			};
			name = Release;
		};
		539683F42703213F00E5C054 /* Debug */ = {
			isa = XCBuildConfiguration;
			baseConfigurationReference = D05333C9698FA0E2638D4AC6 /* Pods-NotesTests.debug.xcconfig */;
			buildSettings = {
				ALWAYS_EMBED_SWIFT_STANDARD_LIBRARIES = YES;
				BUNDLE_LOADER = "$(TEST_HOST)";
				CODE_SIGN_STYLE = Automatic;
				CURRENT_PROJECT_VERSION = 1;
				DEVELOPMENT_TEAM = K4WLM5X85S;
				GENERATE_INFOPLIST_FILE = YES;
				IPHONEOS_DEPLOYMENT_TARGET = 15.0;
				LD_RUNPATH_SEARCH_PATHS = (
					"$(inherited)",
					"@executable_path/Frameworks",
					"@loader_path/Frameworks",
				);
				MARKETING_VERSION = 1.0;
				PRODUCT_BUNDLE_IDENTIFIER = com.dylankilbride.notes.NotesTests;
				PRODUCT_NAME = "$(TARGET_NAME)";
				SWIFT_EMIT_LOC_STRINGS = NO;
				SWIFT_VERSION = 5.0;
				TARGETED_DEVICE_FAMILY = "1,2";
				TEST_HOST = "$(BUILT_PRODUCTS_DIR)/Notes.app/Notes";
			};
			name = Debug;
		};
		539683F52703213F00E5C054 /* Release */ = {
			isa = XCBuildConfiguration;
			baseConfigurationReference = C385AEEFB7582A52043217C4 /* Pods-NotesTests.release.xcconfig */;
			buildSettings = {
				ALWAYS_EMBED_SWIFT_STANDARD_LIBRARIES = YES;
				BUNDLE_LOADER = "$(TEST_HOST)";
				CODE_SIGN_STYLE = Automatic;
				CURRENT_PROJECT_VERSION = 1;
				DEVELOPMENT_TEAM = K4WLM5X85S;
				GENERATE_INFOPLIST_FILE = YES;
				IPHONEOS_DEPLOYMENT_TARGET = 15.0;
				LD_RUNPATH_SEARCH_PATHS = (
					"$(inherited)",
					"@executable_path/Frameworks",
					"@loader_path/Frameworks",
				);
				MARKETING_VERSION = 1.0;
				PRODUCT_BUNDLE_IDENTIFIER = com.dylankilbride.notes.NotesTests;
				PRODUCT_NAME = "$(TARGET_NAME)";
				SWIFT_EMIT_LOC_STRINGS = NO;
				SWIFT_VERSION = 5.0;
				TARGETED_DEVICE_FAMILY = "1,2";
				TEST_HOST = "$(BUILT_PRODUCTS_DIR)/Notes.app/Notes";
			};
			name = Release;
		};
		539683F72703213F00E5C054 /* Debug */ = {
			isa = XCBuildConfiguration;
			baseConfigurationReference = 88FF15608DC3E75990A5F69B /* Pods-Notes-NotesUITests.debug.xcconfig */;
			buildSettings = {
				ALWAYS_EMBED_SWIFT_STANDARD_LIBRARIES = YES;
				CODE_SIGN_STYLE = Automatic;
				CURRENT_PROJECT_VERSION = 1;
				DEVELOPMENT_TEAM = K4WLM5X85S;
				GENERATE_INFOPLIST_FILE = YES;
				LD_RUNPATH_SEARCH_PATHS = (
					"$(inherited)",
					"@executable_path/Frameworks",
					"@loader_path/Frameworks",
				);
				MARKETING_VERSION = 1.0;
				PRODUCT_BUNDLE_IDENTIFIER = com.dylankilbride.notes.NotesUITests;
				PRODUCT_NAME = "$(TARGET_NAME)";
				SWIFT_EMIT_LOC_STRINGS = NO;
				SWIFT_VERSION = 5.0;
				TARGETED_DEVICE_FAMILY = "1,2";
				TEST_TARGET_NAME = Notes;
			};
			name = Debug;
		};
		539683F82703213F00E5C054 /* Release */ = {
			isa = XCBuildConfiguration;
			baseConfigurationReference = FBD2F3902597931528F06DFB /* Pods-Notes-NotesUITests.release.xcconfig */;
			buildSettings = {
				ALWAYS_EMBED_SWIFT_STANDARD_LIBRARIES = YES;
				CODE_SIGN_STYLE = Automatic;
				CURRENT_PROJECT_VERSION = 1;
				DEVELOPMENT_TEAM = K4WLM5X85S;
				GENERATE_INFOPLIST_FILE = YES;
				LD_RUNPATH_SEARCH_PATHS = (
					"$(inherited)",
					"@executable_path/Frameworks",
					"@loader_path/Frameworks",
				);
				MARKETING_VERSION = 1.0;
				PRODUCT_BUNDLE_IDENTIFIER = com.dylankilbride.notes.NotesUITests;
				PRODUCT_NAME = "$(TARGET_NAME)";
				SWIFT_EMIT_LOC_STRINGS = NO;
				SWIFT_VERSION = 5.0;
				TARGETED_DEVICE_FAMILY = "1,2";
				TEST_TARGET_NAME = Notes;
			};
			name = Release;
		};
/* End XCBuildConfiguration section */

/* Begin XCConfigurationList section */
		539683C12703213B00E5C054 /* Build configuration list for PBXProject "Notes" */ = {
			isa = XCConfigurationList;
			buildConfigurations = (
				539683EE2703213F00E5C054 /* Debug */,
				539683EF2703213F00E5C054 /* Release */,
			);
			defaultConfigurationIsVisible = 0;
			defaultConfigurationName = Release;
		};
		539683F02703213F00E5C054 /* Build configuration list for PBXNativeTarget "Notes" */ = {
			isa = XCConfigurationList;
			buildConfigurations = (
				539683F12703213F00E5C054 /* Debug */,
				539683F22703213F00E5C054 /* Release */,
			);
			defaultConfigurationIsVisible = 0;
			defaultConfigurationName = Release;
		};
		539683F32703213F00E5C054 /* Build configuration list for PBXNativeTarget "NotesTests" */ = {
			isa = XCConfigurationList;
			buildConfigurations = (
				539683F42703213F00E5C054 /* Debug */,
				539683F52703213F00E5C054 /* Release */,
			);
			defaultConfigurationIsVisible = 0;
			defaultConfigurationName = Release;
		};
		539683F62703213F00E5C054 /* Build configuration list for PBXNativeTarget "NotesUITests" */ = {
			isa = XCConfigurationList;
			buildConfigurations = (
				539683F72703213F00E5C054 /* Debug */,
				539683F82703213F00E5C054 /* Release */,
			);
			defaultConfigurationIsVisible = 0;
			defaultConfigurationName = Release;
		};
/* End XCConfigurationList section */

/* Begin XCVersionGroup section */
		5365E95827064E8000A02366 /* NoteDataModel.xcdatamodeld */ = {
			isa = XCVersionGroup;
			children = (
				5365E95927064E8000A02366 /* NoteModel.xcdatamodel */,
			);
			currentVersion = 5365E95927064E8000A02366 /* NoteModel.xcdatamodel */;
			path = NoteDataModel.xcdatamodeld;
			sourceTree = "<group>";
			versionGroupType = wrapper.xcdatamodel;
		};
/* End XCVersionGroup section */
	};
	rootObject = 539683BE2703213B00E5C054 /* Project object */;
}
